Microsoft Visual Studio Solution File, Format Version 12.00
# Visual Studio Version 17
VisualStudioVersion = 17.5.2.0
MinimumVisualStudioVersion = 10.0.40219.1
Project("{FAE04EC0-301F-11D3-BF4B-00C04F79EFBC}") = "ShopEasy", "ShopEasy.csproj", "{9342BCD0-2364-800E-2F54-989461E1B636}"
EndProject
Global
	GlobalSection(SolutionConfigurationPlatforms) = preSolution
		Debug|Any CPU = Debug|Any CPU
		Release|Any CPU = Release|Any CPU
	EndGlobalSection
	GlobalSection(ProjectConfigurationPlatforms) = postSolution
		{9342BCD0-2364-800E-2F54-989461E1B636}.Debug|Any CPU.ActiveCfg = Debug|Any CPU
		{9342BCD0-2364-800E-2F54-989461E1B636}.Debug|Any CPU.Build.0 = Debug|Any CPU
		{9342BCD0-2364-800E-2F54-989461E1B636}.Release|Any CPU.ActiveCfg = Release|Any CPU
		{9342BCD0-2364-800E-2F54-989461E1B636}.Release|Any CPU.Build.0 = Release|Any CPU
	EndGlobalSection
	GlobalSection(SolutionProperties) = preSolution
		HideSolutionNode = FALSE
	EndGlobalSection
	GlobalSection(ExtensibilityGlobals) = postSolution
		SolutionGuid = {C3930EB1-2138-432F-A99D-569C790F919B}
	EndGlobalSection
EndGlobal
